github.com/tdewolff/minify/v2 v2.21.3 h1:KmhKNGrN/dGcvb2WDdB5yA49bo37s+hcD8RiF+lioV8=
github.com/tdewolff/minify/v2 v2.21.3/go.mod h1:iGxHaGiONAnsYuo8CRyf8iPUcqRJVB/RhtEcTpqS7xw=
github.com/tdewolff/parse/v2 v2.7.20 h1:Y33JmRLjyGhX5JRvYh+CO6Sk6pGMw3iO5eKGhUhx8JE=
github.com/tdewolff/parse/v2 v2.7.20/go.mod h1:3FbJWZp3XT9OWVN3Hmfp0p/a08v4h8J9W1aghka0soA=
github.com/tdewolff/test v1.0.11-0.20231101010635-f1265d231d52/go.mod h1:6DAvZliBAAnD7rhVgwaM7DE5/d9NMOAJ09SqYqeK4QE=
github.com/tdewolff/test v1.0.11-0.20240106005702-7de5f7df4739 h1:IkjBCtQOOjIn03u/dMQK9g+Iw9ewps4mCl1nB8Sscbo=
github.com/tdewolff/test v1.0.11-0.20240106005702-7de5f7df4739/go.mod h1:XPuWBzvdUzhCuxWO1ojpXsyzsA5bFoS3tO/Q3kFuTG8=
